{
  "name": "WorkerRole1",
  "version": "0.0.0",
  "lockfileVersion": 1,
  "requires": true,
  "dependencies": {
    "base64-js": {
      "version": "1.3.0",
      "resolved": "https://registry.npmjs.org/base64-js/-/base64-js-1.3.0.tgz",
      "integrity": "sha512-ccav/yGvoa80BQDljCxsmmQ3Xvx60/UpBIij5QN21W3wBi/hhIC9OoO+KLpu9IJTS9j4DRVJ3aDDF9cMSoa2lw=="
    },
    "binutils64": {
      "version": "0.1.2",
      "resolved": "https://registry.npmjs.org/binutils64/-/binutils64-0.1.2.tgz",
      "integrity": "sha512-p+utq1Nk0/o41TQ2Oe8Pj8JzCEBeC0N3nwC8HUVdouUkFhqCiKcAwld39k8OZ8BZRqo3M9rQxP0CmSj39pH9xg=="
    },
    "buffer": {
      "version": "5.2.1",
      "resolved": "https://registry.npmjs.org/buffer/-/buffer-5.2.1.tgz",
      "integrity": "sha512-c+Ko0loDaFfuPWiL02ls9Xd3GO3cPVmUobQ6t3rXNUk304u6hGq+8N/kFi+QEIKhzK3uwolVhLzszmfLmMLnqg==",
      "requires": {
        "base64-js": "^1.0.2",
        "ieee754": "^1.1.4"
      }
    },
    "crc": {
      "version": "3.8.0",
      "resolved": "https://registry.npmjs.org/crc/-/crc-3.8.0.tgz",
      "integrity": "sha512-iX3mfgcTMIq3ZKLIsVFAbv7+Mc10kxabAGQb8HvjA1o3T1PIYprbakQ65d3I+2HGHt6nSKkM9PYjgoJO2KcFBQ==",
      "requires": {
        "buffer": "^5.1.0"
      }
    },
    "ieee754": {
      "version": "1.1.13",
      "resolved": "https://registry.npmjs.org/ieee754/-/ieee754-1.1.13.tgz",
      "integrity": "sha512-4vf7I2LYV/HaWerSo3XmlMkp5eZ83i+/CDluXi/IGTs/O1sejBNhTtnxzmRZfvOUqj7lZjqHkeTvpgSFDlWZTg=="
    },
    "lodash": {
      "version": "4.17.19",
      "resolved": "https://registry.npmjs.org/lodash/-/lodash-4.17.19.tgz",
      "integrity": "sha512-JNvd8XER9GQX0v2qJgsaN/mzFCNA5BRe/j8JN9d+tWyGLSodKQHKFicdwNYzWwI3wjRnaKPsGj1XkBjx/F96DQ=="
    },
    "moment": {
      "version": "2.24.0",
      "resolved": "https://registry.npmjs.org/moment/-/moment-2.24.0.tgz",
      "integrity": "sha512-bV7f+6l2QigeBBZSM/6yTNq4P2fNpSWj/0e7jQcy87A8e7o2nAfP/34/2ky5Vw4B9S446EtIhodAzkFCcR4dQg=="
    },
    "simple-node-logger": {
      "version": "18.12.23",
      "resolved": "https://registry.npmjs.org/simple-node-logger/-/simple-node-logger-18.12.23.tgz",
      "integrity": "sha512-HmqRYDNfdHcrV81UoMQij4mCOn1vjh3GdJJbWeb7aW72vEDU1SStbZI9uV4Tv0zXZ8ADDT3i7keGPZ73n6h4lA==",
      "requires": {
        "lodash": "^4.17.12",
        "moment": "^2.20.1"
      }
    },
    "teltonika-parser": {
      "version": "0.0.15",
      "resolved": "https://registry.npmjs.org/teltonika-parser/-/teltonika-parser-0.0.15.tgz",
      "integrity": "sha512-RZINE0CVIqJpIRHxg81MqmO4CgcRfZAd2uhhFFqipySLsvnJ3OKcTnpjSS9yYduq7qMSJ4bRZvPP6AH2Un6J/A==",
      "requires": {
        "binutils64": "^0.1.2",
        "crc": "^3.5.0"
      }
    }
  }
}
